
Microsoft Visual Studio Solution File, Format Version 12.00
# Visual Studio Version 16
VisualStudioVersion = 16.0.31624.102
MinimumVisualStudioVersion = 10.0.40219.1
Project("{9A19103F-16F7-4668-BE54-9A1E7A4F7556}") = "jap_task2_backend", "jap_task2_backend\jap_task2_backend.csproj", "{E5416016-4D56-4ED4-BB59-BC8A4FD6839F}"
EndProject
Project("{FAE04EC0-301F-11D3-BF4B-00C04F79EFBC}") = "NUnitTests", "NUnitTests\NUnitTests.csproj", "{3C5664BC-CB48-4E36-A711-9D2B11B877A7}"
EndProject
Global
	GlobalSection(SolutionConfigurationPlatforms) = preSolution
		Debug|Any CPU = Debug|Any CPU
		Release|Any CPU = Release|Any CPU
	EndGlobalSection
	GlobalSection(ProjectConfigurationPlatforms) = postSolution
		{E5416016-4D56-4ED4-BB59-BC8A4FD6839F}.Debug|Any CPU.ActiveCfg = Debug|Any CPU
		{E5416016-4D56-4ED4-BB59-BC8A4FD6839F}.Debug|Any CPU.Build.0 = Debug|Any CPU
		{E5416016-4D56-4ED4-BB59-BC8A4FD6839F}.Release|Any CPU.ActiveCfg = Release|Any CPU
		{E5416016-4D56-4ED4-BB59-BC8A4FD6839F}.Release|Any CPU.Build.0 = Release|Any CPU
		{3C5664BC-CB48-4E36-A711-9D2B11B877A7}.Debug|Any CPU.ActiveCfg = Debug|Any CPU
		{3C5664BC-CB48-4E36-A711-9D2B11B877A7}.Debug|Any CPU.Build.0 = Debug|Any CPU
		{3C5664BC-CB48-4E36-A711-9D2B11B877A7}.Release|Any CPU.ActiveCfg = Release|Any CPU
		{3C5664BC-CB48-4E36-A711-9D2B11B877A7}.Release|Any CPU.Build.0 = Release|Any CPU
	EndGlobalSection
	GlobalSection(SolutionProperties) = preSolution
		HideSolutionNode = FALSE
	EndGlobalSection
	GlobalSection(ExtensibilityGlobals) = postSolution
		SolutionGuid = {F5EFB499-5C7F-4C69-860F-10864A7B53DC}
	EndGlobalSection
EndGlobal
